
Microsoft Visual Studio Solution File, Format Version 12.00
# Visual Studio Version 16
VisualStudioVersion = 16.0.31205.134
MinimumVisualStudioVersion = 10.0.40219.1
Project("{FAE04EC0-301F-11D3-BF4B-00C04F79EFBC}") = "WebApplication2018222012_CÜ", "WebApplication2018222012_CÜ\WebApplication2018222012_CÜ.csproj", "{E2935B89-0AF7-4CD5-803A-635892C0E958}"
EndProject
Global
	GlobalSection(SolutionConfigurationPlatforms) = preSolution
		Debug|Any CPU = Debug|Any CPU
		Release|Any CPU = Release|Any CPU
	EndGlobalSection
	GlobalSection(ProjectConfigurationPlatforms) = postSolution
		{E2935B89-0AF7-4CD5-803A-635892C0E958}.Debug|Any CPU.ActiveCfg = Debug|Any CPU
		{E2935B89-0AF7-4CD5-803A-635892C0E958}.Debug|Any CPU.Build.0 = Debug|Any CPU
		{E2935B89-0AF7-4CD5-803A-635892C0E958}.Release|Any CPU.ActiveCfg = Release|Any CPU
		{E2935B89-0AF7-4CD5-803A-635892C0E958}.Release|Any CPU.Build.0 = Release|Any CPU
	EndGlobalSection
	GlobalSection(SolutionProperties) = preSolution
		HideSolutionNode = FALSE
	EndGlobalSection
	GlobalSection(ExtensibilityGlobals) = postSolution
		SolutionGuid = {4E0B92CA-5DB0-4F74-A03C-BD38E107A165}
	EndGlobalSection
EndGlobal
